
Microsoft Visual Studio Solution File, Format Version 12.00
# Visual Studio Version 16
VisualStudioVersion = 16.0.31605.320
MinimumVisualStudioVersion = 10.0.40219.1
Project("{9A19103F-16F7-4668-BE54-9A1E7A4F7556}") = "Web", "Web\Web.csproj", "{AC9FF1A0-AA22-48D5-B2CC-DF7CCC8DDBF1}"
EndProject
Project("{9A19103F-16F7-4668-BE54-9A1E7A4F7556}") = "Web.AutoFac", "Web.AutoFac\Web.AutoFac.csproj", "{4608A229-CFFF-4D64-A274-EF8CE62EAA8A}"
EndProject
Project("{9A19103F-16F7-4668-BE54-9A1E7A4F7556}") = "Web.Framework", "Web.Framework\Web.Framework.csproj", "{6F40E6AB-6676-4AE4-9C87-4237D82955F5}"
EndProject
Project("{9A19103F-16F7-4668-BE54-9A1E7A4F7556}") = "Web.MQ", "Web.MQ\Web.MQ.csproj", "{33DC83C9-DE3F-433B-8645-8C7FE9D8BB4F}"
EndProject
Project("{9A19103F-16F7-4668-BE54-9A1E7A4F7556}") = "WebCache", "WebCache\WebCache.csproj", "{6211051B-0EBA-49D8-AF27-FE3B4F599BB0}"
EndProject
Global
	GlobalSection(SolutionConfigurationPlatforms) = preSolution
		Debug|Any CPU = Debug|Any CPU
		Release|Any CPU = Release|Any CPU
	EndGlobalSection
	GlobalSection(ProjectConfigurationPlatforms) = postSolution
		{AC9FF1A0-AA22-48D5-B2CC-DF7CCC8DDBF1}.Debug|Any CPU.ActiveCfg = Debug|Any CPU
		{AC9FF1A0-AA22-48D5-B2CC-DF7CCC8DDBF1}.Debug|Any CPU.Build.0 = Debug|Any CPU
		{AC9FF1A0-AA22-48D5-B2CC-DF7CCC8DDBF1}.Release|Any CPU.ActiveCfg = Release|Any CPU
		{AC9FF1A0-AA22-48D5-B2CC-DF7CCC8DDBF1}.Release|Any CPU.Build.0 = Release|Any CPU
		{4608A229-CFFF-4D64-A274-EF8CE62EAA8A}.Debug|Any CPU.ActiveCfg = Debug|Any CPU
		{4608A229-CFFF-4D64-A274-EF8CE62EAA8A}.Debug|Any CPU.Build.0 = Debug|Any CPU
		{4608A229-CFFF-4D64-A274-EF8CE62EAA8A}.Release|Any CPU.ActiveCfg = Release|Any CPU
		{4608A229-CFFF-4D64-A274-EF8CE62EAA8A}.Release|Any CPU.Build.0 = Release|Any CPU
		{6F40E6AB-6676-4AE4-9C87-4237D82955F5}.Debug|Any CPU.ActiveCfg = Debug|Any CPU
		{6F40E6AB-6676-4AE4-9C87-4237D82955F5}.Debug|Any CPU.Build.0 = Debug|Any CPU
		{6F40E6AB-6676-4AE4-9C87-4237D82955F5}.Release|Any CPU.ActiveCfg = Release|Any CPU
		{6F40E6AB-6676-4AE4-9C87-4237D82955F5}.Release|Any CPU.Build.0 = Release|Any CPU
		{33DC83C9-DE3F-433B-8645-8C7FE9D8BB4F}.Debug|Any CPU.ActiveCfg = Debug|Any CPU
		{33DC83C9-DE3F-433B-8645-8C7FE9D8BB4F}.Debug|Any CPU.Build.0 = Debug|Any CPU
		{33DC83C9-DE3F-433B-8645-8C7FE9D8BB4F}.Release|Any CPU.ActiveCfg = Release|Any CPU
		{33DC83C9-DE3F-433B-8645-8C7FE9D8BB4F}.Release|Any CPU.Build.0 = Release|Any CPU
		{6211051B-0EBA-49D8-AF27-FE3B4F599BB0}.Debug|Any CPU.ActiveCfg = Debug|Any CPU
		{6211051B-0EBA-49D8-AF27-FE3B4F599BB0}.Debug|Any CPU.Build.0 = Debug|Any CPU
		{6211051B-0EBA-49D8-AF27-FE3B4F599BB0}.Release|Any CPU.ActiveCfg = Release|Any CPU
		{6211051B-0EBA-49D8-AF27-FE3B4F599BB0}.Release|Any CPU.Build.0 = Release|Any CPU
	EndGlobalSection
	GlobalSection(SolutionProperties) = preSolution
		HideSolutionNode = FALSE
	EndGlobalSection
	GlobalSection(ExtensibilityGlobals) = postSolution
		SolutionGuid = {39048584-5938-40B3-BA60-055F6862AEEB}
	EndGlobalSection
EndGlobal
