
Microsoft Visual Studio Solution File, Format Version 12.00
# Visual Studio Version 16
VisualStudioVersion = 16.0.31605.320
MinimumVisualStudioVersion = 10.0.40219.1
Project("{9A19103F-16F7-4668-BE54-9A1E7A4F7556}") = "Web", "Web\Web.csproj", "{AC9FF1A0-AA22-48D5-B2CC-DF7CCC8DDBF1}"
EndProject
Project("{9A19103F-16F7-4668-BE54-9A1E7A4F7556}") = "Web.AutoFac", "Web.AutoFac\Web.AutoFac.csproj", "{4608A229-CFFF-4D64-A274-EF8CE62EAA8A}"
EndProject
Project("{9A19103F-16F7-4668-BE54-9A1E7A4F7556}") = "Web.Framework", "Web.Framework\Web.Framework.csproj", "{6F40E6AB-6676-4AE4-9C87-4237D82955F5}"
EndProject
Project("{9A19103F-16F7-4668-BE54-9A1E7A4F7556}") = "Web.MQ", "Web.MQ\Web.MQ.csproj", "{33DC83C9-DE3F-433B-8645-8C7FE9D8BB4F}"
EndProject
Project("{9A19103F-16F7-4668-BE54-9A1E7A4F7556}") = "WebCache", "WebCache\WebCache.csproj", "{6211051B-0EBA-49D8-AF27-FE3B4F599BB0}"
EndProject
Project("{2150E333-8FDC-42A3-9474-1A3956D46DE8}") = "MonitorService", "MonitorService", "{F76824FC-DB38-430D-9503-845A08905B65}"
EndProject
Project("{2150E333-8FDC-42A3-9474-1A3956D46DE8}") = "Infrastructure", "Infrastructure", "{43DDD275-5B60-4B6B-8A5A-65EBB25FE370}"
EndProject
Project("{FAE04EC0-301F-11D3-BF4B-00C04F79EFBC}") = "HandleUpdateQtyService", "HandlerUpdateQtyService\HandleUpdateQtyService.csproj", "{90F10718-A02C-4FF3-BFC2-F94B0DF900FE}"
EndProject
Project("{FAE04EC0-301F-11D3-BF4B-00C04F79EFBC}") = "HandleJobService", "HandlerJobService\HandleJobService.csproj", "{62049F1D-AD46-4D65-80E1-FFBEB670572C}"
EndProject
Project("{FAE04EC0-301F-11D3-BF4B-00C04F79EFBC}") = "HandlePreHotService", "HandlePreHotService\HandlePreHotService.csproj", "{F742ED61-0A16-4737-9545-1F0F781E3E7A}"
EndProject
Project("{FAE04EC0-301F-11D3-BF4B-00C04F79EFBC}") = "WS.BLL", "WS.BLL\WS.BLL.csproj", "{BED99F10-3AF7-45B3-9A02-2F0A3E1289CB}"
EndProject
Project("{FAE04EC0-301F-11D3-BF4B-00C04F79EFBC}") = "WS.DAL", "Mall.DAL\WS.DAL.csproj", "{003BCE58-2B99-4F09-8439-E9E8E59946A1}"
EndProject
Project("{FAE04EC0-301F-11D3-BF4B-00C04F79EFBC}") = "WS.Model", "WS.Model\WS.Model.csproj", "{6837ABA3-3C59-42FF-B99A-92E5A5105D26}"
EndProject
Project("{FAE04EC0-301F-11D3-BF4B-00C04F79EFBC}") = "WS.Domain", "WS.Domain\WS.Domain.csproj", "{3DB10C4C-F945-4C9A-A87E-55EA0AE86578}"
EndProject
Project("{FAE04EC0-301F-11D3-BF4B-00C04F79EFBC}") = "Web.Quartz", "Web.Quartz\Web.Quartz.csproj", "{A2A60081-33CD-4971-B167-5342B67F7256}"
EndProject
Global
	GlobalSection(SolutionConfigurationPlatforms) = preSolution
		Debug|Any CPU = Debug|Any CPU
		Release|Any CPU = Release|Any CPU
	EndGlobalSection
	GlobalSection(ProjectConfigurationPlatforms) = postSolution
		{AC9FF1A0-AA22-48D5-B2CC-DF7CCC8DDBF1}.Debug|Any CPU.ActiveCfg = Debug|Any CPU
		{AC9FF1A0-AA22-48D5-B2CC-DF7CCC8DDBF1}.Debug|Any CPU.Build.0 = Debug|Any CPU
		{AC9FF1A0-AA22-48D5-B2CC-DF7CCC8DDBF1}.Release|Any CPU.ActiveCfg = Release|Any CPU
		{AC9FF1A0-AA22-48D5-B2CC-DF7CCC8DDBF1}.Release|Any CPU.Build.0 = Release|Any CPU
		{4608A229-CFFF-4D64-A274-EF8CE62EAA8A}.Debug|Any CPU.ActiveCfg = Debug|Any CPU
		{4608A229-CFFF-4D64-A274-EF8CE62EAA8A}.Debug|Any CPU.Build.0 = Debug|Any CPU
		{4608A229-CFFF-4D64-A274-EF8CE62EAA8A}.Release|Any CPU.ActiveCfg = Release|Any CPU
		{4608A229-CFFF-4D64-A274-EF8CE62EAA8A}.Release|Any CPU.Build.0 = Release|Any CPU
		{6F40E6AB-6676-4AE4-9C87-4237D82955F5}.Debug|Any CPU.ActiveCfg = Debug|Any CPU
		{6F40E6AB-6676-4AE4-9C87-4237D82955F5}.Debug|Any CPU.Build.0 = Debug|Any CPU
		{6F40E6AB-6676-4AE4-9C87-4237D82955F5}.Release|Any CPU.ActiveCfg = Release|Any CPU
		{6F40E6AB-6676-4AE4-9C87-4237D82955F5}.Release|Any CPU.Build.0 = Release|Any CPU
		{33DC83C9-DE3F-433B-8645-8C7FE9D8BB4F}.Debug|Any CPU.ActiveCfg = Debug|Any CPU
		{33DC83C9-DE3F-433B-8645-8C7FE9D8BB4F}.Debug|Any CPU.Build.0 = Debug|Any CPU
		{33DC83C9-DE3F-433B-8645-8C7FE9D8BB4F}.Release|Any CPU.ActiveCfg = Release|Any CPU
		{33DC83C9-DE3F-433B-8645-8C7FE9D8BB4F}.Release|Any CPU.Build.0 = Release|Any CPU
		{6211051B-0EBA-49D8-AF27-FE3B4F599BB0}.Debug|Any CPU.ActiveCfg = Debug|Any CPU
		{6211051B-0EBA-49D8-AF27-FE3B4F599BB0}.Debug|Any CPU.Build.0 = Debug|Any CPU
		{6211051B-0EBA-49D8-AF27-FE3B4F599BB0}.Release|Any CPU.ActiveCfg = Release|Any CPU
		{6211051B-0EBA-49D8-AF27-FE3B4F599BB0}.Release|Any CPU.Build.0 = Release|Any CPU
		{90F10718-A02C-4FF3-BFC2-F94B0DF900FE}.Debug|Any CPU.ActiveCfg = Debug|Any CPU
		{90F10718-A02C-4FF3-BFC2-F94B0DF900FE}.Debug|Any CPU.Build.0 = Debug|Any CPU
		{90F10718-A02C-4FF3-BFC2-F94B0DF900FE}.Release|Any CPU.ActiveCfg = Release|Any CPU
		{90F10718-A02C-4FF3-BFC2-F94B0DF900FE}.Release|Any CPU.Build.0 = Release|Any CPU
		{62049F1D-AD46-4D65-80E1-FFBEB670572C}.Debug|Any CPU.ActiveCfg = Debug|Any CPU
		{62049F1D-AD46-4D65-80E1-FFBEB670572C}.Debug|Any CPU.Build.0 = Debug|Any CPU
		{62049F1D-AD46-4D65-80E1-FFBEB670572C}.Release|Any CPU.ActiveCfg = Release|Any CPU
		{62049F1D-AD46-4D65-80E1-FFBEB670572C}.Release|Any CPU.Build.0 = Release|Any CPU
		{F742ED61-0A16-4737-9545-1F0F781E3E7A}.Debug|Any CPU.ActiveCfg = Debug|Any CPU
		{F742ED61-0A16-4737-9545-1F0F781E3E7A}.Debug|Any CPU.Build.0 = Debug|Any CPU
		{F742ED61-0A16-4737-9545-1F0F781E3E7A}.Release|Any CPU.ActiveCfg = Release|Any CPU
		{F742ED61-0A16-4737-9545-1F0F781E3E7A}.Release|Any CPU.Build.0 = Release|Any CPU
		{BED99F10-3AF7-45B3-9A02-2F0A3E1289CB}.Debug|Any CPU.ActiveCfg = Debug|Any CPU
		{BED99F10-3AF7-45B3-9A02-2F0A3E1289CB}.Debug|Any CPU.Build.0 = Debug|Any CPU
		{BED99F10-3AF7-45B3-9A02-2F0A3E1289CB}.Release|Any CPU.ActiveCfg = Release|Any CPU
		{BED99F10-3AF7-45B3-9A02-2F0A3E1289CB}.Release|Any CPU.Build.0 = Release|Any CPU
		{003BCE58-2B99-4F09-8439-E9E8E59946A1}.Debug|Any CPU.ActiveCfg = Debug|Any CPU
		{003BCE58-2B99-4F09-8439-E9E8E59946A1}.Debug|Any CPU.Build.0 = Debug|Any CPU
		{003BCE58-2B99-4F09-8439-E9E8E59946A1}.Release|Any CPU.ActiveCfg = Release|Any CPU
		{003BCE58-2B99-4F09-8439-E9E8E59946A1}.Release|Any CPU.Build.0 = Release|Any CPU
		{6837ABA3-3C59-42FF-B99A-92E5A5105D26}.Debug|Any CPU.ActiveCfg = Debug|Any CPU
		{6837ABA3-3C59-42FF-B99A-92E5A5105D26}.Debug|Any CPU.Build.0 = Debug|Any CPU
		{6837ABA3-3C59-42FF-B99A-92E5A5105D26}.Release|Any CPU.ActiveCfg = Release|Any CPU
		{6837ABA3-3C59-42FF-B99A-92E5A5105D26}.Release|Any CPU.Build.0 = Release|Any CPU
		{3DB10C4C-F945-4C9A-A87E-55EA0AE86578}.Debug|Any CPU.ActiveCfg = Debug|Any CPU
		{3DB10C4C-F945-4C9A-A87E-55EA0AE86578}.Debug|Any CPU.Build.0 = Debug|Any CPU
		{3DB10C4C-F945-4C9A-A87E-55EA0AE86578}.Release|Any CPU.ActiveCfg = Release|Any CPU
		{3DB10C4C-F945-4C9A-A87E-55EA0AE86578}.Release|Any CPU.Build.0 = Release|Any CPU
		{A2A60081-33CD-4971-B167-5342B67F7256}.Debug|Any CPU.ActiveCfg = Debug|Any CPU
		{A2A60081-33CD-4971-B167-5342B67F7256}.Debug|Any CPU.Build.0 = Debug|Any CPU
		{A2A60081-33CD-4971-B167-5342B67F7256}.Release|Any CPU.ActiveCfg = Release|Any CPU
		{A2A60081-33CD-4971-B167-5342B67F7256}.Release|Any CPU.Build.0 = Release|Any CPU
	EndGlobalSection
	GlobalSection(SolutionProperties) = preSolution
		HideSolutionNode = FALSE
	EndGlobalSection
	GlobalSection(NestedProjects) = preSolution
		{4608A229-CFFF-4D64-A274-EF8CE62EAA8A} = {43DDD275-5B60-4B6B-8A5A-65EBB25FE370}
		{6F40E6AB-6676-4AE4-9C87-4237D82955F5} = {43DDD275-5B60-4B6B-8A5A-65EBB25FE370}
		{33DC83C9-DE3F-433B-8645-8C7FE9D8BB4F} = {43DDD275-5B60-4B6B-8A5A-65EBB25FE370}
		{6211051B-0EBA-49D8-AF27-FE3B4F599BB0} = {43DDD275-5B60-4B6B-8A5A-65EBB25FE370}
		{90F10718-A02C-4FF3-BFC2-F94B0DF900FE} = {F76824FC-DB38-430D-9503-845A08905B65}
		{62049F1D-AD46-4D65-80E1-FFBEB670572C} = {F76824FC-DB38-430D-9503-845A08905B65}
		{F742ED61-0A16-4737-9545-1F0F781E3E7A} = {F76824FC-DB38-430D-9503-845A08905B65}
		{BED99F10-3AF7-45B3-9A02-2F0A3E1289CB} = {43DDD275-5B60-4B6B-8A5A-65EBB25FE370}
		{003BCE58-2B99-4F09-8439-E9E8E59946A1} = {43DDD275-5B60-4B6B-8A5A-65EBB25FE370}
		{6837ABA3-3C59-42FF-B99A-92E5A5105D26} = {43DDD275-5B60-4B6B-8A5A-65EBB25FE370}
		{3DB10C4C-F945-4C9A-A87E-55EA0AE86578} = {43DDD275-5B60-4B6B-8A5A-65EBB25FE370}
		{A2A60081-33CD-4971-B167-5342B67F7256} = {43DDD275-5B60-4B6B-8A5A-65EBB25FE370}
	EndGlobalSection
	GlobalSection(ExtensibilityGlobals) = postSolution
		SolutionGuid = {39048584-5938-40B3-BA60-055F6862AEEB}
	EndGlobalSection
EndGlobal
